// !$*UTF8*$!
{
	archiveVersion = 1;
	classes = {
	};
	objectVersion = 46;
	objects = {

/* Begin PBXAggregateTarget section */
		65E8F31C1F97435F0008ECFA /* DDD */ = {
			isa = PBXAggregateTarget;
			buildConfigurationList = 65E8F31D1F97435F0008ECFA /* Build configuration list for PBXAggregateTarget "DDD" */;
			buildPhases = (
				65E8F3201F974CF10008ECFA /* ShellScript */,
			);
			dependencies = (
			);
			name = DDD;
			productName = DDD;
		};
/* End PBXAggregateTarget section */

/* Begin PBXBuildFile section */
		1B7B2737587DCB009A5ECCBF /* libPods-DependencyDetectionDemo.a in Frameworks */ = {isa = PBXBuildFile; fileRef = 0A1102C3E8E095F2F2469DC0 /* libPods-DependencyDetectionDemo.a */; };
		65E8F3071F9743150008ECFA /* main.m in Sources */ = {isa = PBXBuildFile; fileRef = 65E8F3061F9743150008ECFA /* main.m */; };
		65E8F30A1F9743150008ECFA /* AppDelegate.m in Sources */ = {isa = PBXBuildFile; fileRef = 65E8F3091F9743150008ECFA /* AppDelegate.m */; };
		65E8F30D1F9743150008ECFA /* ViewController.m in Sources */ = {isa = PBXBuildFile; fileRef = 65E8F30C1F9743150008ECFA /* ViewController.m */; };
		65E8F3101F9743150008ECFA /* Main.storyboard in Resources */ = {isa = PBXBuildFile; fileRef = 65E8F30E1F9743150008ECFA /* Main.storyboard */; };
		65E8F3121F9743150008ECFA /* Assets.xcassets in Resources */ = {isa = PBXBuildFile; fileRef = 65E8F3111F9743150008ECFA /* Assets.xcassets */; };
		65E8F3151F9743150008ECFA /* LaunchScreen.storyboard in Resources */ = {isa = PBXBuildFile; fileRef = 65E8F3131F9743150008ECFA /* LaunchScreen.storyboard */; };
		65E8F3231F977EE70008ECFA /* Person.m in Sources */ = {isa = PBXBuildFile; fileRef = 65E8F3221F977EE70008ECFA /* Person.m */; };
		65E8F3261F977EF50008ECFA /* Boy.m in Sources */ = {isa = PBXBuildFile; fileRef = 65E8F3251F977EF50008ECFA /* Boy.m */; };
/* End PBXBuildFile section */

/* Begin PBXFileReference section */
		0A1102C3E8E095F2F2469DC0 /* libPods-DependencyDetectionDemo.a */ = {isa = PBXFileReference; explicitFileType = archive.ar; includeInIndex = 0; path = "libPods-DependencyDetectionDemo.a"; sourceTree = BUILT_PRODUCTS_DIR; };
		0C30140F8030C77251C6EA42 /* Pods-DependencyDetectionDemo.release.xcconfig */ = {isa = PBXFileReference; includeInIndex = 1; lastKnownFileType = text.xcconfig; name = "Pods-DependencyDetectionDemo.release.xcconfig"; path = "Pods/Target Support Files/Pods-DependencyDetectionDemo/Pods-DependencyDetectionDemo.release.xcconfig"; sourceTree = "<group>"; };
		65E8F3021F9743150008ECFA /* DependencyDetectionDemo.app */ = {isa = PBXFileReference; explicitFileType = wrapper.application; includeInIndex = 0; path = DependencyDetectionDemo.app; sourceTree = BUILT_PRODUCTS_DIR; };
		65E8F3061F9743150008ECFA /* main.m */ = {isa = PBXFileReference; lastKnownFileType = sourcecode.c.objc; path = main.m; sourceTree = "<group>"; };
		65E8F3081F9743150008ECFA /* AppDelegate.h */ = {isa = PBXFileReference; lastKnownFileType = sourcecode.c.h; path = AppDelegate.h; sourceTree = "<group>"; };
		65E8F3091F9743150008ECFA /* AppDelegate.m */ = {isa = PBXFileReference; lastKnownFileType = sourcecode.c.objc; path = AppDelegate.m; sourceTree = "<group>"; };
		65E8F30B1F9743150008ECFA /* ViewController.h */ = {isa = PBXFileReference; lastKnownFileType = sourcecode.c.h; path = ViewController.h; sourceTree = "<group>"; };
		65E8F30C1F9743150008ECFA /* ViewController.m */ = {isa = PBXFileReference; lastKnownFileType = sourcecode.c.objc; path = ViewController.m; sourceTree = "<group>"; };
		65E8F30F1F9743150008ECFA /* Base */ = {isa = PBXFileReference; lastKnownFileType = file.storyboard; name = Base; path = Base.lproj/Main.storyboard; sourceTree = "<group>"; };
		65E8F3111F9743150008ECFA /* Assets.xcassets */ = {isa = PBXFileReference; lastKnownFileType = folder.assetcatalog; path = Assets.xcassets; sourceTree = "<group>"; };
		65E8F3141F9743150008ECFA /* Base */ = {isa = PBXFileReference; lastKnownFileType = file.storyboard; name = Base; path = Base.lproj/LaunchScreen.storyboard; sourceTree = "<group>"; };
		65E8F3161F9743150008ECFA /* Info.plist */ = {isa = PBXFileReference; lastKnownFileType = text.plist.xml; path = Info.plist; sourceTree = "<group>"; };
		65E8F3211F977EE70008ECFA /* Person.h */ = {isa = PBXFileReference; fileEncoding = 4; lastKnownFileType = sourcecode.c.h; path = Person.h; sourceTree = "<group>"; };
		65E8F3221F977EE70008ECFA /* Person.m */ = {isa = PBXFileReference; fileEncoding = 4; lastKnownFileType = sourcecode.c.objc; path = Person.m; sourceTree = "<group>"; };
		65E8F3241F977EF50008ECFA /* Boy.h */ = {isa = PBXFileReference; fileEncoding = 4; lastKnownFileType = sourcecode.c.h; path = Boy.h; sourceTree = "<group>"; };
		65E8F3251F977EF50008ECFA /* Boy.m */ = {isa = PBXFileReference; fileEncoding = 4; lastKnownFileType = sourcecode.c.objc; path = Boy.m; sourceTree = "<group>"; };
		C83B8F97B57E0B34A34590D7 /* Pods-DependencyDetectionDemo.debug.xcconfig */ = {isa = PBXFileReference; includeInIndex = 1; lastKnownFileType = text.xcconfig; name = "Pods-DependencyDetectionDemo.debug.xcconfig"; path = "Pods/Target Support Files/Pods-DependencyDetectionDemo/Pods-DependencyDetectionDemo.debug.xcconfig"; sourceTree = "<group>"; };
/* End PBXFileReference section */

/* Begin PBXFrameworksBuildPhase section */
		65E8F2FF1F9743150008ECFA /* Frameworks */ = {
			isa = PBXFrameworksBuildPhase;
			buildActionMask = 2147483647;
			files = (
				1B7B2737587DCB009A5ECCBF /* libPods-DependencyDetectionDemo.a in Frameworks */,
			);
			runOnlyForDeploymentPostprocessing = 0;
		};
/* End PBXFrameworksBuildPhase section */

/* Begin PBXGroup section */
		65E8F2F91F9743150008ECFA = {
			isa = PBXGroup;
			children = (
				65E8F3041F9743150008ECFA /* DependencyDetectionDemo */,
				65E8F3031F9743150008ECFA /* Products */,
				97B6671DF15C081B2F8C7CA2 /* Pods */,
				B3DBD38FCC74DFFC17A6A5B8 /* Frameworks */,
			);
			sourceTree = "<group>";
		};
		65E8F3031F9743150008ECFA /* Products */ = {
			isa = PBXGroup;
			children = (
				65E8F3021F9743150008ECFA /* DependencyDetectionDemo.app */,
			);
			name = Products;
			sourceTree = "<group>";
		};
		65E8F3041F9743150008ECFA /* DependencyDetectionDemo */ = {
			isa = PBXGroup;
			children = (
				65E8F3081F9743150008ECFA /* AppDelegate.h */,
				65E8F3091F9743150008ECFA /* AppDelegate.m */,
				65E8F30B1F9743150008ECFA /* ViewController.h */,
				65E8F30C1F9743150008ECFA /* ViewController.m */,
				65E8F30E1F9743150008ECFA /* Main.storyboard */,
				65E8F3111F9743150008ECFA /* Assets.xcassets */,
				65E8F3131F9743150008ECFA /* LaunchScreen.storyboard */,
				65E8F3161F9743150008ECFA /* Info.plist */,
				65E8F3051F9743150008ECFA /* Supporting Files */,
				65E8F3211F977EE70008ECFA /* Person.h */,
				65E8F3221F977EE70008ECFA /* Person.m */,
				65E8F3241F977EF50008ECFA /* Boy.h */,
				65E8F3251F977EF50008ECFA /* Boy.m */,
			);
			path = DependencyDetectionDemo;
			sourceTree = "<group>";
		};
		65E8F3051F9743150008ECFA /* Supporting Files */ = {
			isa = PBXGroup;
			children = (
				65E8F3061F9743150008ECFA /* main.m */,
			);
			name = "Supporting Files";
			sourceTree = "<group>";
		};
		97B6671DF15C081B2F8C7CA2 /* Pods */ = {
			isa = PBXGroup;
			children = (
				C83B8F97B57E0B34A34590D7 /* Pods-DependencyDetectionDemo.debug.xcconfig */,
				0C30140F8030C77251C6EA42 /* Pods-DependencyDetectionDemo.release.xcconfig */,
			);
			name = Pods;
			sourceTree = "<group>";
		};
		B3DBD38FCC74DFFC17A6A5B8 /* Frameworks */ = {
			isa = PBXGroup;
			children = (
				0A1102C3E8E095F2F2469DC0 /* libPods-DependencyDetectionDemo.a */,
			);
			name = Frameworks;
			sourceTree = "<group>";
		};
/* End PBXGroup section */

/* Begin PBXNativeTarget section */
		65E8F3011F9743150008ECFA /* DependencyDetectionDemo */ = {
			isa = PBXNativeTarget;
			buildConfigurationList = 65E8F3191F9743150008ECFA /* Build configuration list for PBXNativeTarget "DependencyDetectionDemo" */;
			buildPhases = (
				B647EEF9C2429C8B85935C7D /* [CP] Check Pods Manifest.lock */,
				65E8F2FE1F9743150008ECFA /* Sources */,
				65E8F2FF1F9743150008ECFA /* Frameworks */,
				65E8F3001F9743150008ECFA /* Resources */,
				652CF9683E4243ABB6F9E4C6 /* [CP] Embed Pods Frameworks */,
				508B9C8A4C555D0E777E9C3B /* [CP] Copy Pods Resources */,
			);
			buildRules = (
			);
			dependencies = (
			);
			name = DependencyDetectionDemo;
			productName = DependencyDetectionDemo;
			productReference = 65E8F3021F9743150008ECFA /* DependencyDetectionDemo.app */;
			productType = "com.apple.product-type.application";
		};
/* End PBXNativeTarget section */

/* Begin PBXProject section */
		65E8F2FA1F9743150008ECFA /* Project object */ = {
			isa = PBXProject;
			attributes = {
				LastUpgradeCheck = 0830;
				ORGANIZATIONNAME = shuncheng;
				TargetAttributes = {
					65E8F3011F9743150008ECFA = {
						CreatedOnToolsVersion = 8.3.3;
						DevelopmentTeam = 3X9S8H94Y3;
						ProvisioningStyle = Automatic;
					};
					65E8F31C1F97435F0008ECFA = {
						CreatedOnToolsVersion = 8.3.3;
						DevelopmentTeam = 3X9S8H94Y3;
						ProvisioningStyle = Automatic;
					};
				};
			};
			buildConfigurationList = 65E8F2FD1F9743150008ECFA /* Build configuration list for PBXProject "DependencyDetectionDemo" */;
			compatibilityVersion = "Xcode 3.2";
			developmentRegion = English;
			hasScannedForEncodings = 0;
			knownRegions = (
				en,
				Base,
			);
			mainGroup = 65E8F2F91F9743150008ECFA;
			productRefGroup = 65E8F3031F9743150008ECFA /* Products */;
			projectDirPath = "";
			projectRoot = "";
			targets = (
				65E8F3011F9743150008ECFA /* DependencyDetectionDemo */,
				65E8F31C1F97435F0008ECFA /* DDD */,
			);
		};
/* End PBXProject section */

/* Begin PBXResourcesBuildPhase section */
		65E8F3001F9743150008ECFA /* Resources */ = {
			isa = PBXResourcesBuildPhase;
			buildActionMask = 2147483647;
			files = (
				65E8F3151F9743150008ECFA /* LaunchScreen.storyboard in Resources */,
				65E8F3121F9743150008ECFA /* Assets.xcassets in Resources */,
				65E8F3101F9743150008ECFA /* Main.storyboard in Resources */,
			);
			runOnlyForDeploymentPostprocessing = 0;
		};
/* End PBXResourcesBuildPhase section */

/* Begin PBXShellScriptBuildPhase section */
		508B9C8A4C555D0E777E9C3B /* [CP] Copy Pods Resources */ = {
			isa = PBXShellScriptBuildPhase;
			buildActionMask = 2147483647;
			files = (
			);
			inputPaths = (
			);
			name = "[CP] Copy Pods Resources";
			outputPaths = (
			);
			runOnlyForDeploymentPostprocessing = 0;
			shellPath = /bin/sh;
			shellScript = "\"${SRCROOT}/Pods/Target Support Files/Pods-DependencyDetectionDemo/Pods-DependencyDetectionDemo-resources.sh\"\n";
			showEnvVarsInLog = 0;
		};
		652CF9683E4243ABB6F9E4C6 /* [CP] Embed Pods Frameworks */ = {
			isa = PBXShellScriptBuildPhase;
			buildActionMask = 2147483647;
			files = (
			);
			inputPaths = (
			);
			name = "[CP] Embed Pods Frameworks";
			outputPaths = (
			);
			runOnlyForDeploymentPostprocessing = 0;
			shellPath = /bin/sh;
			shellScript = "\"${SRCROOT}/Pods/Target Support Files/Pods-DependencyDetectionDemo/Pods-DependencyDetectionDemo-frameworks.sh\"\n";
			showEnvVarsInLog = 0;
		};
		65E8F3201F974CF10008ECFA /* ShellScript */ = {
			isa = PBXShellScriptBuildPhase;
			buildActionMask = 2147483647;
			files = (
			);
			inputPaths = (
			);
			outputPaths = (
			);
			runOnlyForDeploymentPostprocessing = 0;
			shellPath = /bin/sh;
			shellScript = "source ~/.bash_profile\n\ncd ${SRCROOT}\nxcodebuild clean -target DependencyDetectionDemo\nxcodebuild clean -target DDD\n\nrm -rf ${SRCROOT}/oclint\ncd ${SRCROOT}\ncd ../build\ncp -rf oclint-0.13 ${SRCROOT}/oclint\ncd ${SRCROOT}\n\nxcodebuild -workspace DependencyDetectionDemo.xcworkspace -scheme DependencyDetectionDemo -arch x86_64 -sdk iphonesimulator10.3 -configuration Debug | xcpretty -r json-compilation-database -o ${SRCROOT}/oclint/bin/compile_commands.json\ncd ${SRCROOT}/oclint/bin\n./oclint-json-compilation-database -e Pods -- -o report.html  -report-type dd\nopen ./report.html";
		};
		B647EEF9C2429C8B85935C7D /* [CP] Check Pods Manifest.lock */ = {
			isa = PBXShellScriptBuildPhase;
			buildActionMask = 2147483647;
			files = (
			);
			inputPaths = (
			);
			name = "[CP] Check Pods Manifest.lock";
			outputPaths = (
			);
			runOnlyForDeploymentPostprocessing = 0;
			shellPath = /bin/sh;
			shellScript = "diff \"${PODS_ROOT}/../Podfile.lock\" \"${PODS_ROOT}/Manifest.lock\" > /dev/null\nif [ $? != 0 ] ; then\n    # print error to STDERR\n    echo \"error: The sandbox is not in sync with the Podfile.lock. Run 'pod install' or update your CocoaPods installation.\" >&2\n    exit 1\nfi\n";
			showEnvVarsInLog = 0;
		};
/* End PBXShellScriptBuildPhase section */

/* Begin PBXSourcesBuildPhase section */
		65E8F2FE1F9743150008ECFA /* Sources */ = {
			isa = PBXSourcesBuildPhase;
			buildActionMask = 2147483647;
			files = (
				65E8F30D1F9743150008ECFA /* ViewController.m in Sources */,
				65E8F30A1F9743150008ECFA /* AppDelegate.m in Sources */,
				65E8F3261F977EF50008ECFA /* Boy.m in Sources */,
				65E8F3231F977EE70008ECFA /* Person.m in Sources */,
				65E8F3071F9743150008ECFA /* main.m in Sources */,
			);
			runOnlyForDeploymentPostprocessing = 0;
		};
/* End PBXSourcesBuildPhase section */

/* Begin PBXVariantGroup section */
		65E8F30E1F9743150008ECFA /* Main.storyboard */ = {
			isa = PBXVariantGroup;
			children = (
				65E8F30F1F9743150008ECFA /* Base */,
			);
			name = Main.storyboard;
			sourceTree = "<group>";
		};
		65E8F3131F9743150008ECFA /* LaunchScreen.storyboard */ = {
			isa = PBXVariantGroup;
			children = (
				65E8F3141F9743150008ECFA /* Base */,
			);
			name = LaunchScreen.storyboard;
			sourceTree = "<group>";
		};
/* End PBXVariantGroup section */

/* Begin XCBuildConfiguration section */
		65E8F3171F9743150008ECFA /* Debug */ = {
			isa = XCBuildConfiguration;
			buildSettings = {
				ALWAYS_SEARCH_USER_PATHS = NO;
				CLANG_ANALYZER_NONNULL = YES;
				CLANG_ANALYZER_NUMBER_OBJECT_CONVERSION = YES_AGGRESSIVE;
				CLANG_CXX_LANGUAGE_STANDARD = "gnu++0x";
				CLANG_CXX_LIBRARY = "libc++";
				CLANG_ENABLE_MODULES = YES;
				CLANG_ENABLE_OBJC_ARC = YES;
				CLANG_WARN_BOOL_CONVERSION = YES;
				CLANG_WARN_CONSTANT_CONVERSION = YES;
				CLANG_WARN_DIRECT_OBJC_ISA_USAGE = YES_ERROR;
				CLANG_WARN_DOCUMENTATION_COMMENTS = YES;
				CLANG_WARN_EMPTY_BODY = YES;
				CLANG_WARN_ENUM_CONVERSION = YES;
				CLANG_WARN_INFINITE_RECURSION = YES;
				CLANG_WARN_INT_CONVERSION = YES;
				CLANG_WARN_OBJC_ROOT_CLASS = YES_ERROR;
				CLANG_WARN_SUSPICIOUS_MOVE = YES;
				CLANG_WARN_UNREACHABLE_CODE = YES;
				CLANG_WARN__DUPLICATE_METHOD_MATCH = YES;
				"CODE_SIGN_IDENTITY[sdk=iphoneos*]" = "iPhone Developer";
				COPY_PHASE_STRIP = NO;
				DEBUG_INFORMATION_FORMAT = dwarf;
				ENABLE_STRICT_OBJC_MSGSEND = YES;
				ENABLE_TESTABILITY = YES;
				GCC_C_LANGUAGE_STANDARD = gnu99;
				GCC_DYNAMIC_NO_PIC = NO;
				GCC_NO_COMMON_BLOCKS = YES;
				GCC_OPTIMIZATION_LEVEL = 0;
				GCC_PREPROCESSOR_DEFINITIONS = (
					"DEBUG=1",
					"$(inherited)",
				);
				GCC_WARN_64_TO_32_BIT_CONVERSION = YES;
				GCC_WARN_ABOUT_RETURN_TYPE = YES_ERROR;
				GCC_WARN_UNDECLARED_SELECTOR = YES;
				GCC_WARN_UNINITIALIZED_AUTOS = YES_AGGRESSIVE;
				GCC_WARN_UNUSED_FUNCTION = YES;
				GCC_WARN_UNUSED_VARIABLE = YES;
				IPHONEOS_DEPLOYMENT_TARGET = 10.3;
				MTL_ENABLE_DEBUG_INFO = YES;
				ONLY_ACTIVE_ARCH = YES;
				SDKROOT = iphoneos;
				TARGETED_DEVICE_FAMILY = "1,2";
			};
			name = Debug;
		};
		65E8F3181F9743150008ECFA /* Release */ = {
			isa = XCBuildConfiguration;
			buildSettings = {
				ALWAYS_SEARCH_USER_PATHS = NO;
				CLANG_ANALYZER_NONNULL = YES;
				CLANG_ANALYZER_NUMBER_OBJECT_CONVERSION = YES_AGGRESSIVE;
				CLANG_CXX_LANGUAGE_STANDARD = "gnu++0x";
				CLANG_CXX_LIBRARY = "libc++";
				CLANG_ENABLE_MODULES = YES;
				CLANG_ENABLE_OBJC_ARC = YES;
				CLANG_WARN_BOOL_CONVERSION = YES;
				CLANG_WARN_CONSTANT_CONVERSION = YES;
				CLANG_WARN_DIRECT_OBJC_ISA_USAGE = YES_ERROR;
				CLANG_WARN_DOCUMENTATION_COMMENTS = YES;
				CLANG_WARN_EMPTY_BODY = YES;
				CLANG_WARN_ENUM_CONVERSION = YES;
				CLANG_WARN_INFINITE_RECURSION = YES;
				CLANG_WARN_INT_CONVERSION = YES;
				CLANG_WARN_OBJC_ROOT_CLASS = YES_ERROR;
				CLANG_WARN_SUSPICIOUS_MOVE = YES;
				CLANG_WARN_UNREACHABLE_CODE = YES;
				CLANG_WARN__DUPLICATE_METHOD_MATCH = YES;
				"CODE_SIGN_IDENTITY[sdk=iphoneos*]" = "iPhone Developer";
				COPY_PHASE_STRIP = NO;
				DEBUG_INFORMATION_FORMAT = "dwarf-with-dsym";
				ENABLE_NS_ASSERTIONS = NO;
				ENABLE_STRICT_OBJC_MSGSEND = YES;
				GCC_C_LANGUAGE_STANDARD = gnu99;
				GCC_NO_COMMON_BLOCKS = YES;
				GCC_WARN_64_TO_32_BIT_CONVERSION = YES;
				GCC_WARN_ABOUT_RETURN_TYPE = YES_ERROR;
				GCC_WARN_UNDECLARED_SELECTOR = YES;
				GCC_WARN_UNINITIALIZED_AUTOS = YES_AGGRESSIVE;
				GCC_WARN_UNUSED_FUNCTION = YES;
				GCC_WARN_UNUSED_VARIABLE = YES;
				IPHONEOS_DEPLOYMENT_TARGET = 10.3;
				MTL_ENABLE_DEBUG_INFO = NO;
				SDKROOT = iphoneos;
				TARGETED_DEVICE_FAMILY = "1,2";
				VALIDATE_PRODUCT = YES;
			};
			name = Release;
		};
		65E8F31A1F9743150008ECFA /* Debug */ = {
			isa = XCBuildConfiguration;
			baseConfigurationReference = C83B8F97B57E0B34A34590D7 /* Pods-DependencyDetectionDemo.debug.xcconfig */;
			buildSettings = {
				ASSETCATALOG_COMPILER_APPICON_NAME = AppIcon;
				DEVELOPMENT_TEAM = 3X9S8H94Y3;
				INFOPLIST_FILE = DependencyDetectionDemo/Info.plist;
				LD_RUNPATH_SEARCH_PATHS = "$(inherited) @executable_path/Frameworks";
				PRODUCT_BUNDLE_IDENTIFIER = chengshun.DependencyDetectionDemo;
				PRODUCT_NAME = "$(TARGET_NAME)";
			};
			name = Debug;
		};
		65E8F31B1F9743150008ECFA /* Release */ = {
			isa = XCBuildConfiguration;
			baseConfigurationReference = 0C30140F8030C77251C6EA42 /* Pods-DependencyDetectionDemo.release.xcconfig */;
			buildSettings = {
				ASSETCATALOG_COMPILER_APPICON_NAME = AppIcon;
				DEVELOPMENT_TEAM = 3X9S8H94Y3;
				INFOPLIST_FILE = DependencyDetectionDemo/Info.plist;
				LD_RUNPATH_SEARCH_PATHS = "$(inherited) @executable_path/Frameworks";
				PRODUCT_BUNDLE_IDENTIFIER = chengshun.DependencyDetectionDemo;
				PRODUCT_NAME = "$(TARGET_NAME)";
			};
			name = Release;
		};
		65E8F31E1F97435F0008ECFA /* Debug */ = {
			isa = XCBuildConfiguration;
			buildSettings = {
				DEVELOPMENT_TEAM = 3X9S8H94Y3;
				PRODUCT_NAME = "$(TARGET_NAME)";
			};
			name = Debug;
		};
		65E8F31F1F97435F0008ECFA /* Release */ = {
			isa = XCBuildConfiguration;
			buildSettings = {
				DEVELOPMENT_TEAM = 3X9S8H94Y3;
				PRODUCT_NAME = "$(TARGET_NAME)";
			};
			name = Release;
		};
/* End XCBuildConfiguration section */

/* Begin XCConfigurationList section */
		65E8F2FD1F9743150008ECFA /* Build configuration list for PBXProject "DependencyDetectionDemo" */ = {
			isa = XCConfigurationList;
			buildConfigurations = (
				65E8F3171F9743150008ECFA /* Debug */,
				65E8F3181F9743150008ECFA /* Release */,
			);
			defaultConfigurationIsVisible = 0;
			defaultConfigurationName = Release;
		};
		65E8F3191F9743150008ECFA /* Build configuration list for PBXNativeTarget "DependencyDetectionDemo" */ = {
			isa = XCConfigurationList;
			buildConfigurations = (
				65E8F31A1F9743150008ECFA /* Debug */,
				65E8F31B1F9743150008ECFA /* Release */,
			);
			defaultConfigurationIsVisible = 0;
			defaultConfigurationName = Release;
		};
		65E8F31D1F97435F0008ECFA /* Build configuration list for PBXAggregateTarget "DDD" */ = {
			isa = XCConfigurationList;
			buildConfigurations = (
				65E8F31E1F97435F0008ECFA /* Debug */,
				65E8F31F1F97435F0008ECFA /* Release */,
			);
			defaultConfigurationIsVisible = 0;
			defaultConfigurationName = Release;
		};
/* End XCConfigurationList section */
	};
	rootObject = 65E8F2FA1F9743150008ECFA /* Project object */;
}
